// !$*UTF8*$!
{
	archiveVersion = 1;
	classes = {
	};
	objectVersion = 46;
	objects = {

/* Begin PBXBuildFile section */
		889EF64E1A63B92400E750E5 /* main.m in Sources */ = {isa = PBXBuildFile; fileRef = 889EF64D1A63B92400E750E5 /* main.m */; };
		889EF6511A63B92400E750E5 /* AppDelegate.m in Sources */ = {isa = PBXBuildFile; fileRef = 889EF6501A63B92400E750E5 /* AppDelegate.m */; };
		889EF6541A63B92400E750E5 /* JJMyLove.xcdatamodeld in Sources */ = {isa = PBXBuildFile; fileRef = 889EF6521A63B92400E750E5 /* JJMyLove.xcdatamodeld */; };
		889EF6571A63B92400E750E5 /* ViewController.m in Sources */ = {isa = PBXBuildFile; fileRef = 889EF6561A63B92400E750E5 /* ViewController.m */; };
		889EF65A1A63B92400E750E5 /* Main.storyboard in Resources */ = {isa = PBXBuildFile; fileRef = 889EF6581A63B92400E750E5 /* Main.storyboard */; };
		889EF65C1A63B92400E750E5 /* Images.xcassets in Resources */ = {isa = PBXBuildFile; fileRef = 889EF65B1A63B92400E750E5 /* Images.xcassets */; };
		889EF65F1A63B92400E750E5 /* LaunchScreen.xib in Resources */ = {isa = PBXBuildFile; fileRef = 889EF65D1A63B92400E750E5 /* LaunchScreen.xib */; };
		889EF66B1A63B92400E750E5 /* JJMyLoveTests.m in Sources */ = {isa = PBXBuildFile; fileRef = 889EF66A1A63B92400E750E5 /* JJMyLoveTests.m */; };
/* End PBXBuildFile section */

/* Begin PBXContainerItemProxy section */
		889EF6651A63B92400E750E5 /* PBXContainerItemProxy */ = {
			isa = PBXContainerItemProxy;
			containerPortal = 889EF6401A63B92400E750E5 /* Project object */;
			proxyType = 1;
			remoteGlobalIDString = 889EF6471A63B92400E750E5;
			remoteInfo = JJMyLove;
		};
/* End PBXContainerItemProxy section */

/* Begin PBXFileReference section */
		889EF6481A63B92400E750E5 /* JJMyLove.app */ = {isa = PBXFileReference; explicitFileType = wrapper.application; includeInIndex = 0; path = JJMyLove.app; sourceTree = BUILT_PRODUCTS_DIR; };
		889EF64C1A63B92400E750E5 /* Info.plist */ = {isa = PBXFileReference; lastKnownFileType = text.plist.xml; path = Info.plist; sourceTree = "<group>"; };
		889EF64D1A63B92400E750E5 /* main.m */ = {isa = PBXFileReference; lastKnownFileType = sourcecode.c.objc; path = main.m; sourceTree = "<group>"; };
		889EF64F1A63B92400E750E5 /* AppDelegate.h */ = {isa = PBXFileReference; lastKnownFileType = sourcecode.c.h; path = AppDelegate.h; sourceTree = "<group>"; };
		889EF6501A63B92400E750E5 /* AppDelegate.m */ = {isa = PBXFileReference; lastKnownFileType = sourcecode.c.objc; path = AppDelegate.m; sourceTree = "<group>"; };
		889EF6531A63B92400E750E5 /* JJMyLove.xcdatamodel */ = {isa = PBXFileReference; lastKnownFileType = wrapper.xcdatamodel; path = JJMyLove.xcdatamodel; sourceTree = "<group>"; };
		889EF6551A63B92400E750E5 /* ViewController.h */ = {isa = PBXFileReference; lastKnownFileType = sourcecode.c.h; path = ViewController.h; sourceTree = "<group>"; };
		889EF6561A63B92400E750E5 /* ViewController.m */ = {isa = PBXFileReference; lastKnownFileType = sourcecode.c.objc; path = ViewController.m; sourceTree = "<group>"; };
		889EF6591A63B92400E750E5 /* Base */ = {isa = PBXFileReference; lastKnownFileType = file.storyboard; name = Base; path = Base.lproj/Main.storyboard; sourceTree = "<group>"; };
		889EF65B1A63B92400E750E5 /* Images.xcassets */ = {isa = PBXFileReference; lastKnownFileType = folder.assetcatalog; path = Images.xcassets; sourceTree = "<group>"; };
		889EF65E1A63B92400E750E5 /* Base */ = {isa = PBXFileReference; lastKnownFileType = file.xib; name = Base; path = Base.lproj/LaunchScreen.xib; sourceTree = "<group>"; };
		889EF6641A63B92400E750E5 /* JJMyLoveTests.xctest */ = {isa = PBXFileReference; explicitFileType = wrapper.cfbundle; includeInIndex = 0; path = JJMyLoveTests.xctest; sourceTree = BUILT_PRODUCTS_DIR; };
		889EF6691A63B92400E750E5 /* Info.plist */ = {isa = PBXFileReference; lastKnownFileType = text.plist.xml; path = Info.plist; sourceTree = "<group>"; };
		889EF66A1A63B92400E750E5 /* JJMyLoveTests.m */ = {isa = PBXFileReference; lastKnownFileType = sourcecode.c.objc; path = JJMyLoveTests.m; sourceTree = "<group>"; };
/* End PBXFileReference section */

/* Begin PBXFrameworksBuildPhase section */
		889EF6451A63B92400E750E5 /* Frameworks */ = {
			isa = PBXFrameworksBuildPhase;
			buildActionMask = 2147483647;
			files = (
			);
			runOnlyForDeploymentPostprocessing = 0;
		};
		889EF6611A63B92400E750E5 /* Frameworks */ = {
			isa = PBXFrameworksBuildPhase;
			buildActionMask = 2147483647;
			files = (
			);
			runOnlyForDeploymentPostprocessing = 0;
		};
/* End PBXFrameworksBuildPhase section */

/* Begin PBXGroup section */
		889EF63F1A63B92400E750E5 = {
			isa = PBXGroup;
			children = (
				889EF64A1A63B92400E750E5 /* JJMyLove */,
				889EF6671A63B92400E750E5 /* JJMyLoveTests */,
				889EF6491A63B92400E750E5 /* Products */,
			);
			sourceTree = "<group>";
		};
		889EF6491A63B92400E750E5 /* Products */ = {
			isa = PBXGroup;
			children = (
				889EF6481A63B92400E750E5 /* JJMyLove.app */,
				889EF6641A63B92400E750E5 /* JJMyLoveTests.xctest */,
			);
			name = Products;
			sourceTree = "<group>";
		};
		889EF64A1A63B92400E750E5 /* JJMyLove */ = {
			isa = PBXGroup;
			children = (
				889EF64F1A63B92400E750E5 /* AppDelegate.h */,
				889EF6501A63B92400E750E5 /* AppDelegate.m */,
				889EF6551A63B92400E750E5 /* ViewController.h */,
				889EF6561A63B92400E750E5 /* ViewController.m */,
				889EF6581A63B92400E750E5 /* Main.storyboard */,
				889EF65B1A63B92400E750E5 /* Images.xcassets */,
				889EF65D1A63B92400E750E5 /* LaunchScreen.xib */,
				889EF6521A63B92400E750E5 /* JJMyLove.xcdatamodeld */,
				889EF64B1A63B92400E750E5 /* Supporting Files */,
			);
			path = JJMyLove;
			sourceTree = "<group>";
		};
		889EF64B1A63B92400E750E5 /* Supporting Files */ = {
			isa = PBXGroup;
			children = (
				889EF64C1A63B92400E750E5 /* Info.plist */,
				889EF64D1A63B92400E750E5 /* main.m */,
			);
			name = "Supporting Files";
			sourceTree = "<group>";
		};
		889EF6671A63B92400E750E5 /* JJMyLoveTests */ = {
			isa = PBXGroup;
			children = (
				889EF66A1A63B92400E750E5 /* JJMyLoveTests.m */,
				889EF6681A63B92400E750E5 /* Supporting Files */,
			);
			path = JJMyLoveTests;
			sourceTree = "<group>";
		};
		889EF6681A63B92400E750E5 /* Supporting Files */ = {
			isa = PBXGroup;
			children = (
				889EF6691A63B92400E750E5 /* Info.plist */,
			);
			name = "Supporting Files";
			sourceTree = "<group>";
		};
/* End PBXGroup section */

/* Begin PBXNativeTarget section */
		889EF6471A63B92400E750E5 /* JJMyLove */ = {
			isa = PBXNativeTarget;
			buildConfigurationList = 889EF66E1A63B92400E750E5 /* Build configuration list for PBXNativeTarget "JJMyLove" */;
			buildPhases = (
				889EF6441A63B92400E750E5 /* Sources */,
				889EF6451A63B92400E750E5 /* Frameworks */,
				889EF6461A63B92400E750E5 /* Resources */,
			);
			buildRules = (
			);
			dependencies = (
			);
			name = JJMyLove;
			productName = JJMyLove;
			productReference = 889EF6481A63B92400E750E5 /* JJMyLove.app */;
			productType = "com.apple.product-type.application";
		};
		889EF6631A63B92400E750E5 /* JJMyLoveTests */ = {
			isa = PBXNativeTarget;
			buildConfigurationList = 889EF6711A63B92400E750E5 /* Build configuration list for PBXNativeTarget "JJMyLoveTests" */;
			buildPhases = (
				889EF6601A63B92400E750E5 /* Sources */,
				889EF6611A63B92400E750E5 /* Frameworks */,
				889EF6621A63B92400E750E5 /* Resources */,
			);
			buildRules = (
			);
			dependencies = (
				889EF6661A63B92400E750E5 /* PBXTargetDependency */,
			);
			name = JJMyLoveTests;
			productName = JJMyLoveTests;
			productReference = 889EF6641A63B92400E750E5 /* JJMyLoveTests.xctest */;
			productType = "com.apple.product-type.bundle.unit-test";
		};
/* End PBXNativeTarget section */

/* Begin PBXProject section */
		889EF6401A63B92400E750E5 /* Project object */ = {
			isa = PBXProject;
			attributes = {
				LastUpgradeCheck = 0610;
				ORGANIZATIONNAME = lb;
				TargetAttributes = {
					889EF6471A63B92400E750E5 = {
						CreatedOnToolsVersion = 6.1;
					};
					889EF6631A63B92400E750E5 = {
						CreatedOnToolsVersion = 6.1;
						TestTargetID = 889EF6471A63B92400E750E5;
					};
				};
			};
			buildConfigurationList = 889EF6431A63B92400E750E5 /* Build configuration list for PBXProject "JJMyLove" */;
			compatibilityVersion = "Xcode 3.2";
			developmentRegion = English;
			hasScannedForEncodings = 0;
			knownRegions = (
				en,
				Base,
			);
			mainGroup = 889EF63F1A63B92400E750E5;
			productRefGroup = 889EF6491A63B92400E750E5 /* Products */;
			projectDirPath = "";
			projectRoot = "";
			targets = (
				889EF6471A63B92400E750E5 /* JJMyLove */,
				889EF6631A63B92400E750E5 /* JJMyLoveTests */,
			);
		};
/* End PBXProject section */

/* Begin PBXResourcesBuildPhase section */
		889EF6461A63B92400E750E5 /* Resources */ = {
			isa = PBXResourcesBuildPhase;
			buildActionMask = 2147483647;
			files = (
				889EF65A1A63B92400E750E5 /* Main.storyboard in Resources */,
				889EF65F1A63B92400E750E5 /* LaunchScreen.xib in Resources */,
				889EF65C1A63B92400E750E5 /* Images.xcassets in Resources */,
			);
			runOnlyForDeploymentPostprocessing = 0;
		};
		889EF6621A63B92400E750E5 /* Resources */ = {
			isa = PBXResourcesBuildPhase;
			buildActionMask = 2147483647;
			files = (
			);
			runOnlyForDeploymentPostprocessing = 0;
		};
/* End PBXResourcesBuildPhase section */

/* Begin PBXSourcesBuildPhase section */
		889EF6441A63B92400E750E5 /* Sources */ = {
			isa = PBXSourcesBuildPhase;
			buildActionMask = 2147483647;
			files = (
				889EF6541A63B92400E750E5 /* JJMyLove.xcdatamodeld in Sources */,
				889EF6511A63B92400E750E5 /* AppDelegate.m in Sources */,
				889EF6571A63B92400E750E5 /* ViewController.m in Sources */,
				889EF64E1A63B92400E750E5 /* main.m in Sources */,
			);
			runOnlyForDeploymentPostprocessing = 0;
		};
		889EF6601A63B92400E750E5 /* Sources */ = {
			isa = PBXSourcesBuildPhase;
			buildActionMask = 2147483647;
			files = (
				889EF66B1A63B92400E750E5 /* JJMyLoveTests.m in Sources */,
			);
			runOnlyForDeploymentPostprocessing = 0;
		};
/* End PBXSourcesBuildPhase section */

/* Begin PBXTargetDependency section */
		889EF6661A63B92400E750E5 /* PBXTargetDependency */ = {
			isa = PBXTargetDependency;
			target = 889EF6471A63B92400E750E5 /* JJMyLove */;
			targetProxy = 889EF6651A63B92400E750E5 /* PBXContainerItemProxy */;
		};
/* End PBXTargetDependency section */

/* Begin PBXVariantGroup section */
		889EF6581A63B92400E750E5 /* Main.storyboard */ = {
			isa = PBXVariantGroup;
			children = (
				889EF6591A63B92400E750E5 /* Base */,
			);
			name = Main.storyboard;
			sourceTree = "<group>";
		};
		889EF65D1A63B92400E750E5 /* LaunchScreen.xib */ = {
			isa = PBXVariantGroup;
			children = (
				889EF65E1A63B92400E750E5 /* Base */,
			);
			name = LaunchScreen.xib;
			sourceTree = "<group>";
		};
/* End PBXVariantGroup section */

/* Begin XCBuildConfiguration section */
		889EF66C1A63B92400E750E5 /* Debug */ = {
			isa = XCBuildConfiguration;
			buildSettings = {
				ALWAYS_SEARCH_USER_PATHS = NO;
				CLANG_CXX_LANGUAGE_STANDARD = "gnu++0x";
				CLANG_CXX_LIBRARY = "libc++";
				CLANG_ENABLE_MODULES = YES;
				CLANG_ENABLE_OBJC_ARC = YES;
				CLANG_WARN_BOOL_CONVERSION = YES;
				CLANG_WARN_CONSTANT_CONVERSION = YES;
				CLANG_WARN_DIRECT_OBJC_ISA_USAGE = YES_ERROR;
				CLANG_WARN_EMPTY_BODY = YES;
				CLANG_WARN_ENUM_CONVERSION = YES;
				CLANG_WARN_INT_CONVERSION = YES;
				CLANG_WARN_OBJC_ROOT_CLASS = YES_ERROR;
				CLANG_WARN_UNREACHABLE_CODE = YES;
				CLANG_WARN__DUPLICATE_METHOD_MATCH = YES;
				"CODE_SIGN_IDENTITY[sdk=iphoneos*]" = "iPhone Developer";
				COPY_PHASE_STRIP = NO;
				ENABLE_STRICT_OBJC_MSGSEND = YES;
				GCC_C_LANGUAGE_STANDARD = gnu99;
				GCC_DYNAMIC_NO_PIC = NO;
				GCC_OPTIMIZATION_LEVEL = 0;
				GCC_PREPROCESSOR_DEFINITIONS = (
					"DEBUG=1",
					"$(inherited)",
				);
				GCC_SYMBOLS_PRIVATE_EXTERN = NO;
				GCC_WARN_64_TO_32_BIT_CONVERSION = YES;
				GCC_WARN_ABOUT_RETURN_TYPE = YES_ERROR;
				GCC_WARN_UNDECLARED_SELECTOR = YES;
				GCC_WARN_UNINITIALIZED_AUTOS = YES_AGGRESSIVE;
				GCC_WARN_UNUSED_FUNCTION = YES;
				GCC_WARN_UNUSED_VARIABLE = YES;
				IPHONEOS_DEPLOYMENT_TARGET = 8.1;
				MTL_ENABLE_DEBUG_INFO = YES;
				ONLY_ACTIVE_ARCH = YES;
				SDKROOT = iphoneos;
				TARGETED_DEVICE_FAMILY = "1,2";
			};
			name = Debug;
		};
		889EF66D1A63B92400E750E5 /* Release */ = {
			isa = XCBuildConfiguration;
			buildSettings = {
				ALWAYS_SEARCH_USER_PATHS = NO;
				CLANG_CXX_LANGUAGE_STANDARD = "gnu++0x";
				CLANG_CXX_LIBRARY = "libc++";
				CLANG_ENABLE_MODULES = YES;
				CLANG_ENABLE_OBJC_ARC = YES;
				CLANG_WARN_BOOL_CONVERSION = YES;
				CLANG_WARN_CONSTANT_CONVERSION = YES;
				CLANG_WARN_DIRECT_OBJC_ISA_USAGE = YES_ERROR;
				CLANG_WARN_EMPTY_BODY = YES;
				CLANG_WARN_ENUM_CONVERSION = YES;
				CLANG_WARN_INT_CONVERSION = YES;
				CLANG_WARN_OBJC_ROOT_CLASS = YES_ERROR;
				CLANG_WARN_UNREACHABLE_CODE = YES;
				CLANG_WARN__DUPLICATE_METHOD_MATCH = YES;
				"CODE_SIGN_IDENTITY[sdk=iphoneos*]" = "iPhone Developer";
				COPY_PHASE_STRIP = YES;
				ENABLE_NS_ASSERTIONS = NO;
				ENABLE_STRICT_OBJC_MSGSEND = YES;
				GCC_C_LANGUAGE_STANDARD = gnu99;
				GCC_WARN_64_TO_32_BIT_CONVERSION = YES;
				GCC_WARN_ABOUT_RETURN_TYPE = YES_ERROR;
				GCC_WARN_UNDECLARED_SELECTOR = YES;
				GCC_WARN_UNINITIALIZED_AUTOS = YES_AGGRESSIVE;
				GCC_WARN_UNUSED_FUNCTION = YES;
				GCC_WARN_UNUSED_VARIABLE = YES;
				IPHONEOS_DEPLOYMENT_TARGET = 8.1;
				MTL_ENABLE_DEBUG_INFO = NO;
				SDKROOT = iphoneos;
				TARGETED_DEVICE_FAMILY = "1,2";
				VALIDATE_PRODUCT = YES;
			};
			name = Release;
		};
		889EF66F1A63B92400E750E5 /* Debug */ = {
			isa = XCBuildConfiguration;
			buildSettings = {
				ASSETCATALOG_COMPILER_APPICON_NAME = AppIcon;
				INFOPLIST_FILE = JJMyLove/Info.plist;
				LD_RUNPATH_SEARCH_PATHS = "$(inherited) @executable_path/Frameworks";
				PRODUCT_NAME = "$(TARGET_NAME)";
			};
			name = Debug;
		};
		889EF6701A63B92400E750E5 /* Release */ = {
			isa = XCBuildConfiguration;
			buildSettings = {
				ASSETCATALOG_COMPILER_APPICON_NAME = AppIcon;
				INFOPLIST_FILE = JJMyLove/Info.plist;
				LD_RUNPATH_SEARCH_PATHS = "$(inherited) @executable_path/Frameworks";
				PRODUCT_NAME = "$(TARGET_NAME)";
			};
			name = Release;
		};
		889EF6721A63B92400E750E5 /* Debug */ = {
			isa = XCBuildConfiguration;
			buildSettings = {
				BUNDLE_LOADER = "$(TEST_HOST)";
				FRAMEWORK_SEARCH_PATHS = (
					"$(SDKROOT)/Developer/Library/Frameworks",
					"$(inherited)",
				);
				GCC_PREPROCESSOR_DEFINITIONS = (
					"DEBUG=1",
					"$(inherited)",
				);
				INFOPLIST_FILE = JJMyLoveTests/Info.plist;
				LD_RUNPATH_SEARCH_PATHS = "$(inherited) @executable_path/Frameworks @loader_path/Frameworks";
				PRODUCT_NAME = "$(TARGET_NAME)";
				TEST_HOST = "$(BUILT_PRODUCTS_DIR)/JJMyLove.app/JJMyLove";
			};
			name = Debug;
		};
		889EF6731A63B92400E750E5 /* Release */ = {
			isa = XCBuildConfiguration;
			buildSettings = {
				BUNDLE_LOADER = "$(TEST_HOST)";
				FRAMEWORK_SEARCH_PATHS = (
					"$(SDKROOT)/Developer/Library/Frameworks",
					"$(inherited)",
				);
				INFOPLIST_FILE = JJMyLoveTests/Info.plist;
				LD_RUNPATH_SEARCH_PATHS = "$(inherited) @executable_path/Frameworks @loader_path/Frameworks";
				PRODUCT_NAME = "$(TARGET_NAME)";
				TEST_HOST = "$(BUILT_PRODUCTS_DIR)/JJMyLove.app/JJMyLove";
			};
			name = Release;
		};
/* End XCBuildConfiguration section */

/* Begin XCConfigurationList section */
		889EF6431A63B92400E750E5 /* Build configuration list for PBXProject "JJMyLove" */ = {
			isa = XCConfigurationList;
			buildConfigurations = (
				889EF66C1A63B92400E750E5 /* Debug */,
				889EF66D1A63B92400E750E5 /* Release */,
			);
			defaultConfigurationIsVisible = 0;
			defaultConfigurationName = Release;
		};
		889EF66E1A63B92400E750E5 /* Build configuration list for PBXNativeTarget "JJMyLove" */ = {
			isa = XCConfigurationList;
			buildConfigurations = (
				889EF66F1A63B92400E750E5 /* Debug */,
				889EF6701A63B92400E750E5 /* Release */,
			);
			defaultConfigurationIsVisible = 0;
		};
		889EF6711A63B92400E750E5 /* Build configuration list for PBXNativeTarget "JJMyLoveTests" */ = {
			isa = XCConfigurationList;
			buildConfigurations = (
				889EF6721A63B92400E750E5 /* Debug */,
				889EF6731A63B92400E750E5 /* Release */,
			);
			defaultConfigurationIsVisible = 0;
		};
/* End XCConfigurationList section */

/* Begin XCVersionGroup section */
		889EF6521A63B92400E750E5 /* JJMyLove.xcdatamodeld */ = {
			isa = XCVersionGroup;
			children = (
				889EF6531A63B92400E750E5 /* JJMyLove.xcdatamodel */,
			);
			currentVersion = 889EF6531A63B92400E750E5 /* JJMyLove.xcdatamodel */;
			path = JJMyLove.xcdatamodeld;
			sourceTree = "<group>";
			versionGroupType = wrapper.xcdatamodel;
		};
/* End XCVersionGroup section */
	};
	rootObject = 889EF6401A63B92400E750E5 /* Project object */;
}
